
Microsoft Visual Studio Solution File, Format Version 12.00
# Visual Studio Version 16
VisualStudioVersion = 16.0.29728.190
MinimumVisualStudioVersion = 10.0.40219.1
Project("{FAE04EC0-301F-11D3-BF4B-00C04F79EFBC}") = "OneMoreAttempt", "OneMoreAttempt\OneMoreAttempt.csproj", "{89D8EBF1-6385-4A22-87C9-000AAF6E864F}"
EndProject
Global
	GlobalSection(SolutionConfigurationPlatforms) = preSolution
		Debug|Any CPU = Debug|Any CPU
		Release|Any CPU = Release|Any CPU
	EndGlobalSection
	GlobalSection(ProjectConfigurationPlatforms) = postSolution
		{89D8EBF1-6385-4A22-87C9-000AAF6E864F}.Debug|Any CPU.ActiveCfg = Debug|Any CPU
		{89D8EBF1-6385-4A22-87C9-000AAF6E864F}.Debug|Any CPU.Build.0 = Debug|Any CPU
		{89D8EBF1-6385-4A22-87C9-000AAF6E864F}.Release|Any CPU.ActiveCfg = Release|Any CPU
		{89D8EBF1-6385-4A22-87C9-000AAF6E864F}.Release|Any CPU.Build.0 = Release|Any CPU
	EndGlobalSection
	GlobalSection(SolutionProperties) = preSolution
		HideSolutionNode = FALSE
	EndGlobalSection
	GlobalSection(ExtensibilityGlobals) = postSolution
		SolutionGuid = {EDAD0294-529F-41F2-8511-0859F3734426}
	EndGlobalSection
EndGlobal
